
Microsoft Visual Studio Solution File, Format Version 12.00
# Visual Studio Version 17
VisualStudioVersion = 17.1.32210.238
MinimumVisualStudioVersion = 10.0.40219.1
Project("{FAE04EC0-301F-11D3-BF4B-00C04F79EFBC}") = "TodoAPI", "TodoAPI\TodoAPI.csproj", "{585B86C5-5628-458F-B3FC-8E9911842100}"
EndProject
Global
	GlobalSection(SolutionConfigurationPlatforms) = preSolution
		Debug|Any CPU = Debug|Any CPU
		Release|Any CPU = Release|Any CPU
	EndGlobalSection
	GlobalSection(ProjectConfigurationPlatforms) = postSolution
		{585B86C5-5628-458F-B3FC-8E9911842100}.Debug|Any CPU.ActiveCfg = Debug|Any CPU
		{585B86C5-5628-458F-B3FC-8E9911842100}.Debug|Any CPU.Build.0 = Debug|Any CPU
		{585B86C5-5628-458F-B3FC-8E9911842100}.Release|Any CPU.ActiveCfg = Release|Any CPU
		{585B86C5-5628-458F-B3FC-8E9911842100}.Release|Any CPU.Build.0 = Release|Any CPU
	EndGlobalSection
	GlobalSection(SolutionProperties) = preSolution
		HideSolutionNode = FALSE
	EndGlobalSection
	GlobalSection(ExtensibilityGlobals) = postSolution
		SolutionGuid = {06C08677-EE0A-433D-99EA-DDCA1B23AA6F}
	EndGlobalSection
EndGlobal
